// !$*UTF8*$!
{
	archiveVersion = 1;
	classes = {
	};
	objectVersion = 55;
	objects = {

/* Begin PBXBuildFile section */
		26DAAAED28C24D390030C54C /* Word_PlayApp.swift in Sources */ = {isa = PBXBuildFile; fileRef = 26DAAAEC28C24D390030C54C /* Word_PlayApp.swift */; };
		26DAAAEF28C24D390030C54C /* ContentView.swift in Sources */ = {isa = PBXBuildFile; fileRef = 26DAAAEE28C24D390030C54C /* ContentView.swift */; };
		26DAAAF128C24D3A0030C54C /* Assets.xcassets in Resources */ = {isa = PBXBuildFile; fileRef = 26DAAAF028C24D3A0030C54C /* Assets.xcassets */; };
		26DAAAF428C24D3A0030C54C /* Preview Assets.xcassets in Resources */ = {isa = PBXBuildFile; fileRef = 26DAAAF328C24D3A0030C54C /* Preview Assets.xcassets */; };
		26DAAAFE28C24D3A0030C54C /* Word_PlayTests.swift in Sources */ = {isa = PBXBuildFile; fileRef = 26DAAAFD28C24D3A0030C54C /* Word_PlayTests.swift */; };
		26DAAB0828C24D3A0030C54C /* Word_PlayUITests.swift in Sources */ = {isa = PBXBuildFile; fileRef = 26DAAB0728C24D3A0030C54C /* Word_PlayUITests.swift */; };
		26DAAB0A28C24D3A0030C54C /* Word_PlayUITestsLaunchTests.swift in Sources */ = {isa = PBXBuildFile; fileRef = 26DAAB0928C24D3A0030C54C /* Word_PlayUITestsLaunchTests.swift */; };
		26DAAB1728C252310030C54C /* StoryView.swift in Sources */ = {isa = PBXBuildFile; fileRef = 26DAAB1628C252310030C54C /* StoryView.swift */; };
/* End PBXBuildFile section */

/* Begin PBXContainerItemProxy section */
		26DAAAFA28C24D3A0030C54C /* PBXContainerItemProxy */ = {
			isa = PBXContainerItemProxy;
			containerPortal = 26DAAAE128C24D390030C54C /* Project object */;
			proxyType = 1;
			remoteGlobalIDString = 26DAAAE828C24D390030C54C;
			remoteInfo = "Word Play";
		};
		26DAAB0428C24D3A0030C54C /* PBXContainerItemProxy */ = {
			isa = PBXContainerItemProxy;
			containerPortal = 26DAAAE128C24D390030C54C /* Project object */;
			proxyType = 1;
			remoteGlobalIDString = 26DAAAE828C24D390030C54C;
			remoteInfo = "Word Play";
		};
/* End PBXContainerItemProxy section */

/* Begin PBXFileReference section */
		26DAAAE928C24D390030C54C /* Word Play.app */ = {isa = PBXFileReference; explicitFileType = wrapper.application; includeInIndex = 0; path = "Word Play.app"; sourceTree = BUILT_PRODUCTS_DIR; };
		26DAAAEC28C24D390030C54C /* Word_PlayApp.swift */ = {isa = PBXFileReference; lastKnownFileType = sourcecode.swift; path = Word_PlayApp.swift; sourceTree = "<group>"; };
		26DAAAEE28C24D390030C54C /* ContentView.swift */ = {isa = PBXFileReference; lastKnownFileType = sourcecode.swift; path = ContentView.swift; sourceTree = "<group>"; };
		26DAAAF028C24D3A0030C54C /* Assets.xcassets */ = {isa = PBXFileReference; lastKnownFileType = folder.assetcatalog; path = Assets.xcassets; sourceTree = "<group>"; };
		26DAAAF328C24D3A0030C54C /* Preview Assets.xcassets */ = {isa = PBXFileReference; lastKnownFileType = folder.assetcatalog; path = "Preview Assets.xcassets"; sourceTree = "<group>"; };
		26DAAAF928C24D3A0030C54C /* Word PlayTests.xctest */ = {isa = PBXFileReference; explicitFileType = wrapper.cfbundle; includeInIndex = 0; path = "Word PlayTests.xctest"; sourceTree = BUILT_PRODUCTS_DIR; };
		26DAAAFD28C24D3A0030C54C /* Word_PlayTests.swift */ = {isa = PBXFileReference; lastKnownFileType = sourcecode.swift; path = Word_PlayTests.swift; sourceTree = "<group>"; };
		26DAAB0328C24D3A0030C54C /* Word PlayUITests.xctest */ = {isa = PBXFileReference; explicitFileType = wrapper.cfbundle; includeInIndex = 0; path = "Word PlayUITests.xctest"; sourceTree = BUILT_PRODUCTS_DIR; };
		26DAAB0728C24D3A0030C54C /* Word_PlayUITests.swift */ = {isa = PBXFileReference; lastKnownFileType = sourcecode.swift; path = Word_PlayUITests.swift; sourceTree = "<group>"; };
		26DAAB0928C24D3A0030C54C /* Word_PlayUITestsLaunchTests.swift */ = {isa = PBXFileReference; lastKnownFileType = sourcecode.swift; path = Word_PlayUITestsLaunchTests.swift; sourceTree = "<group>"; };
		26DAAB1628C252310030C54C /* StoryView.swift */ = {isa = PBXFileReference; lastKnownFileType = sourcecode.swift; path = StoryView.swift; sourceTree = "<group>"; };
/* End PBXFileReference section */

/* Begin PBXFrameworksBuildPhase section */
		26DAAAE628C24D390030C54C /* Frameworks */ = {
			isa = PBXFrameworksBuildPhase;
			buildActionMask = 2147483647;
			files = (
			);
			runOnlyForDeploymentPostprocessing = 0;
		};
		26DAAAF628C24D3A0030C54C /* Frameworks */ = {
			isa = PBXFrameworksBuildPhase;
			buildActionMask = 2147483647;
			files = (
			);
			runOnlyForDeploymentPostprocessing = 0;
		};
		26DAAB0028C24D3A0030C54C /* Frameworks */ = {
			isa = PBXFrameworksBuildPhase;
			buildActionMask = 2147483647;
			files = (
			);
			runOnlyForDeploymentPostprocessing = 0;
		};
/* End PBXFrameworksBuildPhase section */

/* Begin PBXGroup section */
		26DAAAE028C24D390030C54C = {
			isa = PBXGroup;
			children = (
				26DAAAEB28C24D390030C54C /* Word Play */,
				26DAAAFC28C24D3A0030C54C /* Word PlayTests */,
				26DAAB0628C24D3A0030C54C /* Word PlayUITests */,
				26DAAAEA28C24D390030C54C /* Products */,
			);
			sourceTree = "<group>";
		};
		26DAAAEA28C24D390030C54C /* Products */ = {
			isa = PBXGroup;
			children = (
				26DAAAE928C24D390030C54C /* Word Play.app */,
				26DAAAF928C24D3A0030C54C /* Word PlayTests.xctest */,
				26DAAB0328C24D3A0030C54C /* Word PlayUITests.xctest */,
			);
			name = Products;
			sourceTree = "<group>";
		};
		26DAAAEB28C24D390030C54C /* Word Play */ = {
			isa = PBXGroup;
			children = (
				26DAAAEC28C24D390030C54C /* Word_PlayApp.swift */,
				26DAAAEE28C24D390030C54C /* ContentView.swift */,
				26DAAB1628C252310030C54C /* StoryView.swift */,
				26DAAAF028C24D3A0030C54C /* Assets.xcassets */,
				26DAAAF228C24D3A0030C54C /* Preview Content */,
			);
			path = "Word Play";
			sourceTree = "<group>";
		};
		26DAAAF228C24D3A0030C54C /* Preview Content */ = {
			isa = PBXGroup;
			children = (
				26DAAAF328C24D3A0030C54C /* Preview Assets.xcassets */,
			);
			path = "Preview Content";
			sourceTree = "<group>";
		};
		26DAAAFC28C24D3A0030C54C /* Word PlayTests */ = {
			isa = PBXGroup;
			children = (
				26DAAAFD28C24D3A0030C54C /* Word_PlayTests.swift */,
			);
			path = "Word PlayTests";
			sourceTree = "<group>";
		};
		26DAAB0628C24D3A0030C54C /* Word PlayUITests */ = {
			isa = PBXGroup;
			children = (
				26DAAB0728C24D3A0030C54C /* Word_PlayUITests.swift */,
				26DAAB0928C24D3A0030C54C /* Word_PlayUITestsLaunchTests.swift */,
			);
			path = "Word PlayUITests";
			sourceTree = "<group>";
		};
/* End PBXGroup section */

/* Begin PBXNativeTarget section */
		26DAAAE828C24D390030C54C /* Word Play */ = {
			isa = PBXNativeTarget;
			buildConfigurationList = 26DAAB0D28C24D3A0030C54C /* Build configuration list for PBXNativeTarget "Word Play" */;
			buildPhases = (
				26DAAAE528C24D390030C54C /* Sources */,
				26DAAAE628C24D390030C54C /* Frameworks */,
				26DAAAE728C24D390030C54C /* Resources */,
			);
			buildRules = (
			);
			dependencies = (
			);
			name = "Word Play";
			productName = "Word Play";
			productReference = 26DAAAE928C24D390030C54C /* Word Play.app */;
			productType = "com.apple.product-type.application";
		};
		26DAAAF828C24D3A0030C54C /* Word PlayTests */ = {
			isa = PBXNativeTarget;
			buildConfigurationList = 26DAAB1028C24D3A0030C54C /* Build configuration list for PBXNativeTarget "Word PlayTests" */;
			buildPhases = (
				26DAAAF528C24D3A0030C54C /* Sources */,
				26DAAAF628C24D3A0030C54C /* Frameworks */,
				26DAAAF728C24D3A0030C54C /* Resources */,
			);
			buildRules = (
			);
			dependencies = (
				26DAAAFB28C24D3A0030C54C /* PBXTargetDependency */,
			);
			name = "Word PlayTests";
			productName = "Word PlayTests";
			productReference = 26DAAAF928C24D3A0030C54C /* Word PlayTests.xctest */;
			productType = "com.apple.product-type.bundle.unit-test";
		};
		26DAAB0228C24D3A0030C54C /* Word PlayUITests */ = {
			isa = PBXNativeTarget;
			buildConfigurationList = 26DAAB1328C24D3A0030C54C /* Build configuration list for PBXNativeTarget "Word PlayUITests" */;
			buildPhases = (
				26DAAAFF28C24D3A0030C54C /* Sources */,
				26DAAB0028C24D3A0030C54C /* Frameworks */,
				26DAAB0128C24D3A0030C54C /* Resources */,
			);
			buildRules = (
			);
			dependencies = (
				26DAAB0528C24D3A0030C54C /* PBXTargetDependency */,
			);
			name = "Word PlayUITests";
			productName = "Word PlayUITests";
			productReference = 26DAAB0328C24D3A0030C54C /* Word PlayUITests.xctest */;
			productType = "com.apple.product-type.bundle.ui-testing";
		};
/* End PBXNativeTarget section */

/* Begin PBXProject section */
		26DAAAE128C24D390030C54C /* Project object */ = {
			isa = PBXProject;
			attributes = {
				BuildIndependentTargetsInParallel = 1;
				LastSwiftUpdateCheck = 1340;
				LastUpgradeCheck = 1340;
				TargetAttributes = {
					26DAAAE828C24D390030C54C = {
						CreatedOnToolsVersion = 13.4.1;
					};
					26DAAAF828C24D3A0030C54C = {
						CreatedOnToolsVersion = 13.4.1;
						TestTargetID = 26DAAAE828C24D390030C54C;
					};
					26DAAB0228C24D3A0030C54C = {
						CreatedOnToolsVersion = 13.4.1;
						TestTargetID = 26DAAAE828C24D390030C54C;
					};
				};
			};
			buildConfigurationList = 26DAAAE428C24D390030C54C /* Build configuration list for PBXProject "Word Play" */;
			compatibilityVersion = "Xcode 13.0";
			developmentRegion = en;
			hasScannedForEncodings = 0;
			knownRegions = (
				en,
				Base,
			);
			mainGroup = 26DAAAE028C24D390030C54C;
			productRefGroup = 26DAAAEA28C24D390030C54C /* Products */;
			projectDirPath = "";
			projectRoot = "";
			targets = (
				26DAAAE828C24D390030C54C /* Word Play */,
				26DAAAF828C24D3A0030C54C /* Word PlayTests */,
				26DAAB0228C24D3A0030C54C /* Word PlayUITests */,
			);
		};
/* End PBXProject section */

/* Begin PBXResourcesBuildPhase section */
		26DAAAE728C24D390030C54C /* Resources */ = {
			isa = PBXResourcesBuildPhase;
			buildActionMask = 2147483647;
			files = (
				26DAAAF428C24D3A0030C54C /* Preview Assets.xcassets in Resources */,
				26DAAAF128C24D3A0030C54C /* Assets.xcassets in Resources */,
			);
			runOnlyForDeploymentPostprocessing = 0;
		};
		26DAAAF728C24D3A0030C54C /* Resources */ = {
			isa = PBXResourcesBuildPhase;
			buildActionMask = 2147483647;
			files = (
			);
			runOnlyForDeploymentPostprocessing = 0;
		};
		26DAAB0128C24D3A0030C54C /* Resources */ = {
			isa = PBXResourcesBuildPhase;
			buildActionMask = 2147483647;
			files = (
			);
			runOnlyForDeploymentPostprocessing = 0;
		};
/* End PBXResourcesBuildPhase section */

/* Begin PBXSourcesBuildPhase section */
		26DAAAE528C24D390030C54C /* Sources */ = {
			isa = PBXSourcesBuildPhase;
			buildActionMask = 2147483647;
			files = (
				26DAAB1728C252310030C54C /* StoryView.swift in Sources */,
				26DAAAEF28C24D390030C54C /* ContentView.swift in Sources */,
				26DAAAED28C24D390030C54C /* Word_PlayApp.swift in Sources */,
			);
			runOnlyForDeploymentPostprocessing = 0;
		};
		26DAAAF528C24D3A0030C54C /* Sources */ = {
			isa = PBXSourcesBuildPhase;
			buildActionMask = 2147483647;
			files = (
				26DAAAFE28C24D3A0030C54C /* Word_PlayTests.swift in Sources */,
			);
			runOnlyForDeploymentPostprocessing = 0;
		};
		26DAAAFF28C24D3A0030C54C /* Sources */ = {
			isa = PBXSourcesBuildPhase;
			buildActionMask = 2147483647;
			files = (
				26DAAB0A28C24D3A0030C54C /* Word_PlayUITestsLaunchTests.swift in Sources */,
				26DAAB0828C24D3A0030C54C /* Word_PlayUITests.swift in Sources */,
			);
			runOnlyForDeploymentPostprocessing = 0;
		};
/* End PBXSourcesBuildPhase section */

/* Begin PBXTargetDependency section */
		26DAAAFB28C24D3A0030C54C /* PBXTargetDependency */ = {
			isa = PBXTargetDependency;
			target = 26DAAAE828C24D390030C54C /* Word Play */;
			targetProxy = 26DAAAFA28C24D3A0030C54C /* PBXContainerItemProxy */;
		};
		26DAAB0528C24D3A0030C54C /* PBXTargetDependency */ = {
			isa = PBXTargetDependency;
			target = 26DAAAE828C24D390030C54C /* Word Play */;
			targetProxy = 26DAAB0428C24D3A0030C54C /* PBXContainerItemProxy */;
		};
/* End PBXTargetDependency section */

/* Begin XCBuildConfiguration section */
		26DAAB0B28C24D3A0030C54C /* Debug */ = {
			isa = XCBuildConfiguration;
			buildSettings = {
				ALWAYS_SEARCH_USER_PATHS = NO;
				CLANG_ANALYZER_NONNULL = YES;
				CLANG_ANALYZER_NUMBER_OBJECT_CONVERSION = YES_AGGRESSIVE;
				CLANG_CXX_LANGUAGE_STANDARD = "gnu++17";
				CLANG_ENABLE_MODULES = YES;
				CLANG_ENABLE_OBJC_ARC = YES;
				CLANG_ENABLE_OBJC_WEAK = YES;
				CLANG_WARN_BLOCK_CAPTURE_AUTORELEASING = YES;
				CLANG_WARN_BOOL_CONVERSION = YES;
				CLANG_WARN_COMMA = YES;
				CLANG_WARN_CONSTANT_CONVERSION = YES;
				CLANG_WARN_DEPRECATED_OBJC_IMPLEMENTATIONS = YES;
				CLANG_WARN_DIRECT_OBJC_ISA_USAGE = YES_ERROR;
				CLANG_WARN_DOCUMENTATION_COMMENTS = YES;
				CLANG_WARN_EMPTY_BODY = YES;
				CLANG_WARN_ENUM_CONVERSION = YES;
				CLANG_WARN_INFINITE_RECURSION = YES;
				CLANG_WARN_INT_CONVERSION = YES;
				CLANG_WARN_NON_LITERAL_NULL_CONVERSION = YES;
				CLANG_WARN_OBJC_IMPLICIT_RETAIN_SELF = YES;
				CLANG_WARN_OBJC_LITERAL_CONVERSION = YES;
				CLANG_WARN_OBJC_ROOT_CLASS = YES_ERROR;
				CLANG_WARN_QUOTED_INCLUDE_IN_FRAMEWORK_HEADER = YES;
				CLANG_WARN_RANGE_LOOP_ANALYSIS = YES;
				CLANG_WARN_STRICT_PROTOTYPES = YES;
				CLANG_WARN_SUSPICIOUS_MOVE = YES;
				CLANG_WARN_UNGUARDED_AVAILABILITY = YES_AGGRESSIVE;
				CLANG_WARN_UNREACHABLE_CODE = YES;
				CLANG_WARN__DUPLICATE_METHOD_MATCH = YES;
				COPY_PHASE_STRIP = NO;
				DEBUG_INFORMATION_FORMAT = dwarf;
				ENABLE_STRICT_OBJC_MSGSEND = YES;
				ENABLE_TESTABILITY = YES;
				GCC_C_LANGUAGE_STANDARD = gnu11;
				GCC_DYNAMIC_NO_PIC = NO;
				GCC_NO_COMMON_BLOCKS = YES;
				GCC_OPTIMIZATION_LEVEL = 0;
				GCC_PREPROCESSOR_DEFINITIONS = (
					"DEBUG=1",
					"$(inherited)",
				);
				GCC_WARN_64_TO_32_BIT_CONVERSION = YES;
				GCC_WARN_ABOUT_RETURN_TYPE = YES_ERROR;
				GCC_WARN_UNDECLARED_SELECTOR = YES;
				GCC_WARN_UNINITIALIZED_AUTOS = YES_AGGRESSIVE;
				GCC_WARN_UNUSED_FUNCTION = YES;
				GCC_WARN_UNUSED_VARIABLE = YES;
				IPHONEOS_DEPLOYMENT_TARGET = 15.5;
				MTL_ENABLE_DEBUG_INFO = INCLUDE_SOURCE;
				MTL_FAST_MATH = YES;
				ONLY_ACTIVE_ARCH = YES;
				SDKROOT = iphoneos;
				SWIFT_ACTIVE_COMPILATION_CONDITIONS = DEBUG;
				SWIFT_OPTIMIZATION_LEVEL = "-Onone";
			};
			name = Debug;
		};
		26DAAB0C28C24D3A0030C54C /* Release */ = {
			isa = XCBuildConfiguration;
			buildSettings = {
				ALWAYS_SEARCH_USER_PATHS = NO;
				CLANG_ANALYZER_NONNULL = YES;
				CLANG_ANALYZER_NUMBER_OBJECT_CONVERSION = YES_AGGRESSIVE;
				CLANG_CXX_LANGUAGE_STANDARD = "gnu++17";
				CLANG_ENABLE_MODULES = YES;
				CLANG_ENABLE_OBJC_ARC = YES;
				CLANG_ENABLE_OBJC_WEAK = YES;
				CLANG_WARN_BLOCK_CAPTURE_AUTORELEASING = YES;
				CLANG_WARN_BOOL_CONVERSION = YES;
				CLANG_WARN_COMMA = YES;
				CLANG_WARN_CONSTANT_CONVERSION = YES;
				CLANG_WARN_DEPRECATED_OBJC_IMPLEMENTATIONS = YES;
				CLANG_WARN_DIRECT_OBJC_ISA_USAGE = YES_ERROR;
				CLANG_WARN_DOCUMENTATION_COMMENTS = YES;
				CLANG_WARN_EMPTY_BODY = YES;
				CLANG_WARN_ENUM_CONVERSION = YES;
				CLANG_WARN_INFINITE_RECURSION = YES;
				CLANG_WARN_INT_CONVERSION = YES;
				CLANG_WARN_NON_LITERAL_NULL_CONVERSION = YES;
				CLANG_WARN_OBJC_IMPLICIT_RETAIN_SELF = YES;
				CLANG_WARN_OBJC_LITERAL_CONVERSION = YES;
				CLANG_WARN_OBJC_ROOT_CLASS = YES_ERROR;
				CLANG_WARN_QUOTED_INCLUDE_IN_FRAMEWORK_HEADER = YES;
				CLANG_WARN_RANGE_LOOP_ANALYSIS = YES;
				CLANG_WARN_STRICT_PROTOTYPES = YES;
				CLANG_WARN_SUSPICIOUS_MOVE = YES;
				CLANG_WARN_UNGUARDED_AVAILABILITY = YES_AGGRESSIVE;
				CLANG_WARN_UNREACHABLE_CODE = YES;
				CLANG_WARN__DUPLICATE_METHOD_MATCH = YES;
				COPY_PHASE_STRIP = NO;
				DEBUG_INFORMATION_FORMAT = "dwarf-with-dsym";
				ENABLE_NS_ASSERTIONS = NO;
				ENABLE_STRICT_OBJC_MSGSEND = YES;
				GCC_C_LANGUAGE_STANDARD = gnu11;
				GCC_NO_COMMON_BLOCKS = YES;
				GCC_WARN_64_TO_32_BIT_CONVERSION = YES;
				GCC_WARN_ABOUT_RETURN_TYPE = YES_ERROR;
				GCC_WARN_UNDECLARED_SELECTOR = YES;
				GCC_WARN_UNINITIALIZED_AUTOS = YES_AGGRESSIVE;
				GCC_WARN_UNUSED_FUNCTION = YES;
				GCC_WARN_UNUSED_VARIABLE = YES;
				IPHONEOS_DEPLOYMENT_TARGET = 15.5;
				MTL_ENABLE_DEBUG_INFO = NO;
				MTL_FAST_MATH = YES;
				SDKROOT = iphoneos;
				SWIFT_COMPILATION_MODE = wholemodule;
				SWIFT_OPTIMIZATION_LEVEL = "-O";
				VALIDATE_PRODUCT = YES;
			};
			name = Release;
		};
		26DAAB0E28C24D3A0030C54C /* Debug */ = {
			isa = XCBuildConfiguration;
			buildSettings = {
				ASSETCATALOG_COMPILER_APPICON_NAME = AppIcon;
				ASSETCATALOG_COMPILER_GLOBAL_ACCENT_COLOR_NAME = AccentColor;
				CODE_SIGN_STYLE = Automatic;
				CURRENT_PROJECT_VERSION = 1;
				DEVELOPMENT_ASSET_PATHS = "\"Word Play/Preview Content\"";
				DEVELOPMENT_TEAM = Z7UWK396W7;
				ENABLE_PREVIEWS = YES;
				GENERATE_INFOPLIST_FILE = YES;
				INFOPLIST_KEY_UIApplicationSceneManifest_Generation = YES;
				INFOPLIST_KEY_UIApplicationSupportsIndirectInputEvents = YES;
				INFOPLIST_KEY_UILaunchScreen_Generation = YES;
				INFOPLIST_KEY_UISupportedInterfaceOrientations_iPad = "UIInterfaceOrientationPortrait UIInterfaceOrientationPortraitUpsideDown UIInterfaceOrientationLandscapeLeft UIInterfaceOrientationLandscapeRight";
				INFOPLIST_KEY_UISupportedInterfaceOrientations_iPhone = "UIInterfaceOrientationPortrait UIInterfaceOrientationLandscapeLeft UIInterfaceOrientationLandscapeRight";
				LD_RUNPATH_SEARCH_PATHS = (
					"$(inherited)",
					"@executable_path/Frameworks",
				);
				MARKETING_VERSION = 1.0;
				PRODUCT_BUNDLE_IDENTIFIER = "Cmark.Word-Play";
				PRODUCT_NAME = "$(TARGET_NAME)";
				SWIFT_EMIT_LOC_STRINGS = YES;
				SWIFT_VERSION = 5.0;
				TARGETED_DEVICE_FAMILY = "1,2";
			};
			name = Debug;
		};
		26DAAB0F28C24D3A0030C54C /* Release */ = {
			isa = XCBuildConfiguration;
			buildSettings = {
				ASSETCATALOG_COMPILER_APPICON_NAME = AppIcon;
				ASSETCATALOG_COMPILER_GLOBAL_ACCENT_COLOR_NAME = AccentColor;
				CODE_SIGN_STYLE = Automatic;
				CURRENT_PROJECT_VERSION = 1;
				DEVELOPMENT_ASSET_PATHS = "\"Word Play/Preview Content\"";
				DEVELOPMENT_TEAM = Z7UWK396W7;
				ENABLE_PREVIEWS = YES;
				GENERATE_INFOPLIST_FILE = YES;
				INFOPLIST_KEY_UIApplicationSceneManifest_Generation = YES;
				INFOPLIST_KEY_UIApplicationSupportsIndirectInputEvents = YES;
				INFOPLIST_KEY_UILaunchScreen_Generation = YES;
				INFOPLIST_KEY_UISupportedInterfaceOrientations_iPad = "UIInterfaceOrientationPortrait UIInterfaceOrientationPortraitUpsideDown UIInterfaceOrientationLandscapeLeft UIInterfaceOrientationLandscapeRight";
				INFOPLIST_KEY_UISupportedInterfaceOrientations_iPhone = "UIInterfaceOrientationPortrait UIInterfaceOrientationLandscapeLeft UIInterfaceOrientationLandscapeRight";
				LD_RUNPATH_SEARCH_PATHS = (
					"$(inherited)",
					"@executable_path/Frameworks",
				);
				MARKETING_VERSION = 1.0;
				PRODUCT_BUNDLE_IDENTIFIER = "Cmark.Word-Play";
				PRODUCT_NAME = "$(TARGET_NAME)";
				SWIFT_EMIT_LOC_STRINGS = YES;
				SWIFT_VERSION = 5.0;
				TARGETED_DEVICE_FAMILY = "1,2";
			};
			name = Release;
		};
		26DAAB1128C24D3A0030C54C /* Debug */ = {
			isa = XCBuildConfiguration;
			buildSettings = {
				ALWAYS_EMBED_SWIFT_STANDARD_LIBRARIES = YES;
				BUNDLE_LOADER = "$(TEST_HOST)";
				CODE_SIGN_STYLE = Automatic;
				CURRENT_PROJECT_VERSION = 1;
				DEVELOPMENT_TEAM = Z7UWK396W7;
				GENERATE_INFOPLIST_FILE = YES;
				IPHONEOS_DEPLOYMENT_TARGET = 15.5;
				MARKETING_VERSION = 1.0;
				PRODUCT_BUNDLE_IDENTIFIER = "Cmark.Word-PlayTests";
				PRODUCT_NAME = "$(TARGET_NAME)";
				SWIFT_EMIT_LOC_STRINGS = NO;
				SWIFT_VERSION = 5.0;
				TARGETED_DEVICE_FAMILY = "1,2";
				TEST_HOST = "$(BUILT_PRODUCTS_DIR)/Word Play.app/Word Play";
			};
			name = Debug;
		};
		26DAAB1228C24D3A0030C54C /* Release */ = {
			isa = XCBuildConfiguration;
			buildSettings = {
				ALWAYS_EMBED_SWIFT_STANDARD_LIBRARIES = YES;
				BUNDLE_LOADER = "$(TEST_HOST)";
				CODE_SIGN_STYLE = Automatic;
				CURRENT_PROJECT_VERSION = 1;
				DEVELOPMENT_TEAM = Z7UWK396W7;
				GENERATE_INFOPLIST_FILE = YES;
				IPHONEOS_DEPLOYMENT_TARGET = 15.5;
				MARKETING_VERSION = 1.0;
				PRODUCT_BUNDLE_IDENTIFIER = "Cmark.Word-PlayTests";
				PRODUCT_NAME = "$(TARGET_NAME)";
				SWIFT_EMIT_LOC_STRINGS = NO;
				SWIFT_VERSION = 5.0;
				TARGETED_DEVICE_FAMILY = "1,2";
				TEST_HOST = "$(BUILT_PRODUCTS_DIR)/Word Play.app/Word Play";
			};
			name = Release;
		};
		26DAAB1428C24D3A0030C54C /* Debug */ = {
			isa = XCBuildConfiguration;
			buildSettings = {
				ALWAYS_EMBED_SWIFT_STANDARD_LIBRARIES = YES;
				CODE_SIGN_STYLE = Automatic;
				CURRENT_PROJECT_VERSION = 1;
				DEVELOPMENT_TEAM = Z7UWK396W7;
				GENERATE_INFOPLIST_FILE = YES;
				MARKETING_VERSION = 1.0;
				PRODUCT_BUNDLE_IDENTIFIER = "Cmark.Word-PlayUITests";
				PRODUCT_NAME = "$(TARGET_NAME)";
				SWIFT_EMIT_LOC_STRINGS = NO;
				SWIFT_VERSION = 5.0;
				TARGETED_DEVICE_FAMILY = "1,2";
				TEST_TARGET_NAME = "Word Play";
			};
			name = Debug;
		};
		26DAAB1528C24D3A0030C54C /* Release */ = {
			isa = XCBuildConfiguration;
			buildSettings = {
				ALWAYS_EMBED_SWIFT_STANDARD_LIBRARIES = YES;
				CODE_SIGN_STYLE = Automatic;
				CURRENT_PROJECT_VERSION = 1;
				DEVELOPMENT_TEAM = Z7UWK396W7;
				GENERATE_INFOPLIST_FILE = YES;
				MARKETING_VERSION = 1.0;
				PRODUCT_BUNDLE_IDENTIFIER = "Cmark.Word-PlayUITests";
				PRODUCT_NAME = "$(TARGET_NAME)";
				SWIFT_EMIT_LOC_STRINGS = NO;
				SWIFT_VERSION = 5.0;
				TARGETED_DEVICE_FAMILY = "1,2";
				TEST_TARGET_NAME = "Word Play";
			};
			name = Release;
		};
/* End XCBuildConfiguration section */

/* Begin XCConfigurationList section */
		26DAAAE428C24D390030C54C /* Build configuration list for PBXProject "Word Play" */ = {
			isa = XCConfigurationList;
			buildConfigurations = (
				26DAAB0B28C24D3A0030C54C /* Debug */,
				26DAAB0C28C24D3A0030C54C /* Release */,
			);
			defaultConfigurationIsVisible = 0;
			defaultConfigurationName = Release;
		};
		26DAAB0D28C24D3A0030C54C /* Build configuration list for PBXNativeTarget "Word Play" */ = {
			isa = XCConfigurationList;
			buildConfigurations = (
				26DAAB0E28C24D3A0030C54C /* Debug */,
				26DAAB0F28C24D3A0030C54C /* Release */,
			);
			defaultConfigurationIsVisible = 0;
			defaultConfigurationName = Release;
		};
		26DAAB1028C24D3A0030C54C /* Build configuration list for PBXNativeTarget "Word PlayTests" */ = {
			isa = XCConfigurationList;
			buildConfigurations = (
				26DAAB1128C24D3A0030C54C /* Debug */,
				26DAAB1228C24D3A0030C54C /* Release */,
			);
			defaultConfigurationIsVisible = 0;
			defaultConfigurationName = Release;
		};
		26DAAB1328C24D3A0030C54C /* Build configuration list for PBXNativeTarget "Word PlayUITests" */ = {
			isa = XCConfigurationList;
			buildConfigurations = (
				26DAAB1428C24D3A0030C54C /* Debug */,
				26DAAB1528C24D3A0030C54C /* Release */,
			);
			defaultConfigurationIsVisible = 0;
			defaultConfigurationName = Release;
		};
/* End XCConfigurationList section */
	};
	rootObject = 26DAAAE128C24D390030C54C /* Project object */;
}
